
Microsoft Visual Studio Solution File, Format Version 12.00
# Visual Studio 15
VisualStudioVersion = 15.0.27130.2024
MinimumVisualStudioVersion = 10.0.40219.1
Project("{FAE04EC0-301F-11D3-BF4B-00C04F79EFBC}") = "FileHeader", "FileHeaderCommand\FileHeader.csproj", "{F914C71E-20DA-4F9E-AD94-88C3A4E81B7B}"
EndProject
Global
	GlobalSection(SolutionConfigurationPlatforms) = preSolution
		Debug|Any CPU = Debug|Any CPU
		Release|Any CPU = Release|Any CPU
	EndGlobalSection
	GlobalSection(ProjectConfigurationPlatforms) = postSolution
		{F914C71E-20DA-4F9E-AD94-88C3A4E81B7B}.Debug|Any CPU.ActiveCfg = Debug|Any CPU
		{F914C71E-20DA-4F9E-AD94-88C3A4E81B7B}.Debug|Any CPU.Build.0 = Debug|Any CPU
		{F914C71E-20DA-4F9E-AD94-88C3A4E81B7B}.Release|Any CPU.ActiveCfg = Release|Any CPU
		{F914C71E-20DA-4F9E-AD94-88C3A4E81B7B}.Release|Any CPU.Build.0 = Release|Any CPU
	EndGlobalSection
	GlobalSection(SolutionProperties) = preSolution
		HideSolutionNode = FALSE
	EndGlobalSection
	GlobalSection(ExtensibilityGlobals) = postSolution
		SolutionGuid = {E5AB317F-5338-4F70-8FFB-5B1E25EBC531}
	EndGlobalSection
EndGlobal
